
Microsoft Visual Studio Solution File, Format Version 12.00
# Visual Studio Version 16
VisualStudioVersion = 16.0.29230.47
MinimumVisualStudioVersion = 10.0.40219.1
Project("{FAE04EC0-301F-11D3-BF4B-00C04F79EFBC}") = "ReadAndQuery", "ReadAndQuery\ReadAndQuery.csproj", "{FB444AE7-C9E2-4CA1-888B-F4687BB115FF}"
EndProject
Project("{FAE04EC0-301F-11D3-BF4B-00C04F79EFBC}") = "MyMath", "MyMath\MyMath.csproj", "{EDDB7E00-1AED-4C30-A5E4-4C200932EAE2}"
EndProject
Project("{FAE04EC0-301F-11D3-BF4B-00C04F79EFBC}") = "MyMath1.UnitTests", "MyMath1.UnitTests\MyMath1.UnitTests.csproj", "{FC1F3D45-8AD4-4A50-8B04-238EB5B71F29}"
EndProject
Global
	GlobalSection(SolutionConfigurationPlatforms) = preSolution
		Debug|Any CPU = Debug|Any CPU
		Release|Any CPU = Release|Any CPU
	EndGlobalSection
	GlobalSection(ProjectConfigurationPlatforms) = postSolution
		{FB444AE7-C9E2-4CA1-888B-F4687BB115FF}.Debug|Any CPU.ActiveCfg = Debug|Any CPU
		{FB444AE7-C9E2-4CA1-888B-F4687BB115FF}.Debug|Any CPU.Build.0 = Debug|Any CPU
		{FB444AE7-C9E2-4CA1-888B-F4687BB115FF}.Release|Any CPU.ActiveCfg = Release|Any CPU
		{FB444AE7-C9E2-4CA1-888B-F4687BB115FF}.Release|Any CPU.Build.0 = Release|Any CPU
		{EDDB7E00-1AED-4C30-A5E4-4C200932EAE2}.Debug|Any CPU.ActiveCfg = Debug|Any CPU
		{EDDB7E00-1AED-4C30-A5E4-4C200932EAE2}.Debug|Any CPU.Build.0 = Debug|Any CPU
		{EDDB7E00-1AED-4C30-A5E4-4C200932EAE2}.Release|Any CPU.ActiveCfg = Release|Any CPU
		{EDDB7E00-1AED-4C30-A5E4-4C200932EAE2}.Release|Any CPU.Build.0 = Release|Any CPU
		{FC1F3D45-8AD4-4A50-8B04-238EB5B71F29}.Debug|Any CPU.ActiveCfg = Debug|Any CPU
		{FC1F3D45-8AD4-4A50-8B04-238EB5B71F29}.Debug|Any CPU.Build.0 = Debug|Any CPU
		{FC1F3D45-8AD4-4A50-8B04-238EB5B71F29}.Release|Any CPU.ActiveCfg = Release|Any CPU
		{FC1F3D45-8AD4-4A50-8B04-238EB5B71F29}.Release|Any CPU.Build.0 = Release|Any CPU
	EndGlobalSection
	GlobalSection(SolutionProperties) = preSolution
		HideSolutionNode = FALSE
	EndGlobalSection
	GlobalSection(ExtensibilityGlobals) = postSolution
		SolutionGuid = {DA760CC7-950A-4626-9D46-F19D139A28B6}
	EndGlobalSection
EndGlobal
